
Microsoft Visual Studio Solution File, Format Version 12.00
# Visual Studio Version 17
VisualStudioVersion = 17.4.33205.214
MinimumVisualStudioVersion = 10.0.40219.1
Project("{FAE04EC0-301F-11D3-BF4B-00C04F79EFBC}") = "EjemploASP(MVC)", "EjemploASP(MVC)\EjemploASP(MVC).csproj", "{DFC93002-710C-40CA-B23A-21029333A7E8}"
EndProject
Global
	GlobalSection(SolutionConfigurationPlatforms) = preSolution
		Debug|Any CPU = Debug|Any CPU
		Release|Any CPU = Release|Any CPU
	EndGlobalSection
	GlobalSection(ProjectConfigurationPlatforms) = postSolution
		{DFC93002-710C-40CA-B23A-21029333A7E8}.Debug|Any CPU.ActiveCfg = Debug|Any CPU
		{DFC93002-710C-40CA-B23A-21029333A7E8}.Debug|Any CPU.Build.0 = Debug|Any CPU
		{DFC93002-710C-40CA-B23A-21029333A7E8}.Release|Any CPU.ActiveCfg = Release|Any CPU
		{DFC93002-710C-40CA-B23A-21029333A7E8}.Release|Any CPU.Build.0 = Release|Any CPU
	EndGlobalSection
	GlobalSection(SolutionProperties) = preSolution
		HideSolutionNode = FALSE
	EndGlobalSection
	GlobalSection(ExtensibilityGlobals) = postSolution
		SolutionGuid = {074A195F-5234-4395-B823-1E1C61553A93}
	EndGlobalSection
EndGlobal
